// !$*UTF8*$!
{
	archiveVersion = 1;
	classes = {
	};
	objectVersion = 46;
	objects = {

/* Begin PBXBuildFile section */
		ABF8CF58179A555600ADF839 /* Blittable.cpp in Sources */ = {isa = PBXBuildFile; fileRef = ABF8CF3F179A555600ADF839 /* Blittable.cpp */; };
		ABF8CF59179A555600ADF839 /* Blittable.h in Headers */ = {isa = PBXBuildFile; fileRef = ABF8CF40179A555600ADF839 /* Blittable.h */; };
		ABF8CF5A179A555600ADF839 /* Font.cpp in Sources */ = {isa = PBXBuildFile; fileRef = ABF8CF42179A555600ADF839 /* Font.cpp */; };
		ABF8CF5B179A555600ADF839 /* Font.h in Headers */ = {isa = PBXBuildFile; fileRef = ABF8CF43179A555600ADF839 /* Font.h */; };
		ABF8CF5C179A555600ADF839 /* Game.cpp in Sources */ = {isa = PBXBuildFile; fileRef = ABF8CF44179A555600ADF839 /* Game.cpp */; };
		ABF8CF5D179A555600ADF839 /* Game.h in Headers */ = {isa = PBXBuildFile; fileRef = ABF8CF45179A555600ADF839 /* Game.h */; };
		ABF8CF5E179A555600ADF839 /* GameState.cpp in Sources */ = {isa = PBXBuildFile; fileRef = ABF8CF46179A555600ADF839 /* GameState.cpp */; };
		ABF8CF5F179A555600ADF839 /* GameState.h in Headers */ = {isa = PBXBuildFile; fileRef = ABF8CF47179A555600ADF839 /* GameState.h */; };
		ABF8CF61179A555600ADF839 /* Image.cpp in Sources */ = {isa = PBXBuildFile; fileRef = ABF8CF49179A555600ADF839 /* Image.cpp */; };
		ABF8CF62179A555600ADF839 /* Image.h in Headers */ = {isa = PBXBuildFile; fileRef = ABF8CF4A179A555600ADF839 /* Image.h */; };
		ABF8CF63179A555600ADF839 /* Logger.cpp in Sources */ = {isa = PBXBuildFile; fileRef = ABF8CF4B179A555600ADF839 /* Logger.cpp */; };
		ABF8CF64179A555600ADF839 /* Logger.h in Headers */ = {isa = PBXBuildFile; fileRef = ABF8CF4C179A555600ADF839 /* Logger.h */; };
		ABF8CF65179A555600ADF839 /* Sound.cpp in Sources */ = {isa = PBXBuildFile; fileRef = ABF8CF4D179A555600ADF839 /* Sound.cpp */; };
		ABF8CF66179A555600ADF839 /* Sound.h in Headers */ = {isa = PBXBuildFile; fileRef = ABF8CF4E179A555600ADF839 /* Sound.h */; };
		ABF8CF67179A555600ADF839 /* Sprite.h in Headers */ = {isa = PBXBuildFile; fileRef = ABF8CF4F179A555600ADF839 /* Sprite.h */; };
		ABF8CF68179A555600ADF839 /* StateManager.cpp in Sources */ = {isa = PBXBuildFile; fileRef = ABF8CF50179A555600ADF839 /* StateManager.cpp */; };
		ABF8CF69179A555600ADF839 /* StateManager.h in Headers */ = {isa = PBXBuildFile; fileRef = ABF8CF51179A555600ADF839 /* StateManager.h */; };
		ABF8CF6A179A555600ADF839 /* Text.cpp in Sources */ = {isa = PBXBuildFile; fileRef = ABF8CF52179A555600ADF839 /* Text.cpp */; };
		ABF8CF6B179A555600ADF839 /* Text.h in Headers */ = {isa = PBXBuildFile; fileRef = ABF8CF53179A555600ADF839 /* Text.h */; };
		ABF8CF6C179A555600ADF839 /* Timer.cpp in Sources */ = {isa = PBXBuildFile; fileRef = ABF8CF54179A555600ADF839 /* Timer.cpp */; };
		ABF8CF6D179A555600ADF839 /* Timer.h in Headers */ = {isa = PBXBuildFile; fileRef = ABF8CF55179A555600ADF839 /* Timer.h */; };
		ABF8CF6E179A555600ADF839 /* Window.cpp in Sources */ = {isa = PBXBuildFile; fileRef = ABF8CF56179A555600ADF839 /* Window.cpp */; };
		ABF8CF6F179A555600ADF839 /* Window.h in Headers */ = {isa = PBXBuildFile; fileRef = ABF8CF57179A555600ADF839 /* Window.h */; };
		ABF8CF71179A5DF500ADF839 /* SDL.framework in Frameworks */ = {isa = PBXBuildFile; fileRef = ABF8CF70179A5DF500ADF839 /* SDL.framework */; settings = {ATTRIBUTES = (Required, ); }; };
		ABF8CF73179A5E0C00ADF839 /* SDL_image.framework in Frameworks */ = {isa = PBXBuildFile; fileRef = ABF8CF72179A5E0C00ADF839 /* SDL_image.framework */; };
		ABF8CF75179A5E2200ADF839 /* SDL_ttf.framework in Frameworks */ = {isa = PBXBuildFile; fileRef = ABF8CF74179A5E2200ADF839 /* SDL_ttf.framework */; };
		ABF8CF77179A5E3E00ADF839 /* SDL_mixer.framework in Frameworks */ = {isa = PBXBuildFile; fileRef = ABF8CF76179A5E3E00ADF839 /* SDL_mixer.framework */; };
/* End PBXBuildFile section */

/* Begin PBXFileReference section */
		ABF8CF07179A542C00ADF839 /* libHume.a */ = {isa = PBXFileReference; explicitFileType = archive.ar; includeInIndex = 0; path = libHume.a; sourceTree = BUILT_PRODUCTS_DIR; };
		ABF8CF3F179A555600ADF839 /* Blittable.cpp */ = {isa = PBXFileReference; fileEncoding = 4; lastKnownFileType = sourcecode.cpp.cpp; path = Blittable.cpp; sourceTree = "<group>"; };
		ABF8CF40179A555600ADF839 /* Blittable.h */ = {isa = PBXFileReference; fileEncoding = 4; lastKnownFileType = sourcecode.c.h; path = Blittable.h; sourceTree = "<group>"; };
		ABF8CF41179A555600ADF839 /* build */ = {isa = PBXFileReference; fileEncoding = 4; lastKnownFileType = text.script.sh; path = build; sourceTree = "<group>"; };
		ABF8CF42179A555600ADF839 /* Font.cpp */ = {isa = PBXFileReference; fileEncoding = 4; lastKnownFileType = sourcecode.cpp.cpp; path = Font.cpp; sourceTree = "<group>"; };
		ABF8CF43179A555600ADF839 /* Font.h */ = {isa = PBXFileReference; fileEncoding = 4; lastKnownFileType = sourcecode.c.h; path = Font.h; sourceTree = "<group>"; };
		ABF8CF44179A555600ADF839 /* Game.cpp */ = {isa = PBXFileReference; fileEncoding = 4; lastKnownFileType = sourcecode.cpp.cpp; path = Game.cpp; sourceTree = "<group>"; };
		ABF8CF45179A555600ADF839 /* Game.h */ = {isa = PBXFileReference; fileEncoding = 4; lastKnownFileType = sourcecode.c.h; path = Game.h; sourceTree = "<group>"; };
		ABF8CF46179A555600ADF839 /* GameState.cpp */ = {isa = PBXFileReference; fileEncoding = 4; lastKnownFileType = sourcecode.cpp.cpp; path = GameState.cpp; sourceTree = "<group>"; };
		ABF8CF47179A555600ADF839 /* GameState.h */ = {isa = PBXFileReference; fileEncoding = 4; lastKnownFileType = sourcecode.c.h; path = GameState.h; sourceTree = "<group>"; };
		ABF8CF49179A555600ADF839 /* Image.cpp */ = {isa = PBXFileReference; fileEncoding = 4; lastKnownFileType = sourcecode.cpp.cpp; path = Image.cpp; sourceTree = "<group>"; };
		ABF8CF4A179A555600ADF839 /* Image.h */ = {isa = PBXFileReference; fileEncoding = 4; lastKnownFileType = sourcecode.c.h; path = Image.h; sourceTree = "<group>"; };
		ABF8CF4B179A555600ADF839 /* Logger.cpp */ = {isa = PBXFileReference; fileEncoding = 4; lastKnownFileType = sourcecode.cpp.cpp; path = Logger.cpp; sourceTree = "<group>"; };
		ABF8CF4C179A555600ADF839 /* Logger.h */ = {isa = PBXFileReference; fileEncoding = 4; lastKnownFileType = sourcecode.c.h; path = Logger.h; sourceTree = "<group>"; };
		ABF8CF4D179A555600ADF839 /* Sound.cpp */ = {isa = PBXFileReference; fileEncoding = 4; lastKnownFileType = sourcecode.cpp.cpp; path = Sound.cpp; sourceTree = "<group>"; };
		ABF8CF4E179A555600ADF839 /* Sound.h */ = {isa = PBXFileReference; fileEncoding = 4; lastKnownFileType = sourcecode.c.h; path = Sound.h; sourceTree = "<group>"; };
		ABF8CF4F179A555600ADF839 /* Sprite.h */ = {isa = PBXFileReference; fileEncoding = 4; lastKnownFileType = sourcecode.c.h; path = Sprite.h; sourceTree = "<group>"; };
		ABF8CF50179A555600ADF839 /* StateManager.cpp */ = {isa = PBXFileReference; fileEncoding = 4; lastKnownFileType = sourcecode.cpp.cpp; path = StateManager.cpp; sourceTree = "<group>"; };
		ABF8CF51179A555600ADF839 /* StateManager.h */ = {isa = PBXFileReference; fileEncoding = 4; lastKnownFileType = sourcecode.c.h; path = StateManager.h; sourceTree = "<group>"; };
		ABF8CF52179A555600ADF839 /* Text.cpp */ = {isa = PBXFileReference; fileEncoding = 4; lastKnownFileType = sourcecode.cpp.cpp; path = Text.cpp; sourceTree = "<group>"; };
		ABF8CF53179A555600ADF839 /* Text.h */ = {isa = PBXFileReference; fileEncoding = 4; lastKnownFileType = sourcecode.c.h; path = Text.h; sourceTree = "<group>"; };
		ABF8CF54179A555600ADF839 /* Timer.cpp */ = {isa = PBXFileReference; fileEncoding = 4; lastKnownFileType = sourcecode.cpp.cpp; path = Timer.cpp; sourceTree = "<group>"; };
		ABF8CF55179A555600ADF839 /* Timer.h */ = {isa = PBXFileReference; fileEncoding = 4; lastKnownFileType = sourcecode.c.h; path = Timer.h; sourceTree = "<group>"; };
		ABF8CF56179A555600ADF839 /* Window.cpp */ = {isa = PBXFileReference; fileEncoding = 4; lastKnownFileType = sourcecode.cpp.cpp; path = Window.cpp; sourceTree = "<group>"; };
		ABF8CF57179A555600ADF839 /* Window.h */ = {isa = PBXFileReference; fileEncoding = 4; lastKnownFileType = sourcecode.c.h; path = Window.h; sourceTree = "<group>"; };
		ABF8CF70179A5DF500ADF839 /* SDL.framework */ = {isa = PBXFileReference; lastKnownFileType = wrapper.framework; name = SDL.framework; path = ../../../../Library/Frameworks/SDL.framework; sourceTree = "<group>"; };
		ABF8CF72179A5E0C00ADF839 /* SDL_image.framework */ = {isa = PBXFileReference; lastKnownFileType = wrapper.framework; name = SDL_image.framework; path = ../../../../Library/Frameworks/SDL_image.framework; sourceTree = "<group>"; };
		ABF8CF74179A5E2200ADF839 /* SDL_ttf.framework */ = {isa = PBXFileReference; lastKnownFileType = wrapper.framework; name = SDL_ttf.framework; path = ../../../../Library/Frameworks/SDL_ttf.framework; sourceTree = "<group>"; };
		ABF8CF76179A5E3E00ADF839 /* SDL_mixer.framework */ = {isa = PBXFileReference; lastKnownFileType = wrapper.framework; name = SDL_mixer.framework; path = ../../../../Library/Frameworks/SDL_mixer.framework; sourceTree = "<group>"; };
/* End PBXFileReference section */

/* Begin PBXFrameworksBuildPhase section */
		ABF8CF04179A542C00ADF839 /* Frameworks */ = {
			isa = PBXFrameworksBuildPhase;
			buildActionMask = 2147483647;
			files = (
				ABF8CF71179A5DF500ADF839 /* SDL.framework in Frameworks */,
				ABF8CF73179A5E0C00ADF839 /* SDL_image.framework in Frameworks */,
				ABF8CF75179A5E2200ADF839 /* SDL_ttf.framework in Frameworks */,
				ABF8CF77179A5E3E00ADF839 /* SDL_mixer.framework in Frameworks */,
			);
			runOnlyForDeploymentPostprocessing = 0;
		};
/* End PBXFrameworksBuildPhase section */

/* Begin PBXGroup section */
		ABF8CEFE179A542C00ADF839 = {
			isa = PBXGroup;
			children = (
				ABF8CF76179A5E3E00ADF839 /* SDL_mixer.framework */,
				ABF8CF74179A5E2200ADF839 /* SDL_ttf.framework */,
				ABF8CF72179A5E0C00ADF839 /* SDL_image.framework */,
				ABF8CF70179A5DF500ADF839 /* SDL.framework */,
				ABF8CF3E179A555600ADF839 /* src */,
				ABF8CF08179A542C00ADF839 /* Products */,
			);
			sourceTree = "<group>";
		};
		ABF8CF08179A542C00ADF839 /* Products */ = {
			isa = PBXGroup;
			children = (
				ABF8CF07179A542C00ADF839 /* libHume.a */,
			);
			name = Products;
			sourceTree = "<group>";
		};
		ABF8CF3E179A555600ADF839 /* src */ = {
			isa = PBXGroup;
			children = (
				ABF8CF3F179A555600ADF839 /* Blittable.cpp */,
				ABF8CF40179A555600ADF839 /* Blittable.h */,
				ABF8CF41179A555600ADF839 /* build */,
				ABF8CF42179A555600ADF839 /* Font.cpp */,
				ABF8CF43179A555600ADF839 /* Font.h */,
				ABF8CF44179A555600ADF839 /* Game.cpp */,
				ABF8CF45179A555600ADF839 /* Game.h */,
				ABF8CF46179A555600ADF839 /* GameState.cpp */,
				ABF8CF47179A555600ADF839 /* GameState.h */,
				ABF8CF49179A555600ADF839 /* Image.cpp */,
				ABF8CF4A179A555600ADF839 /* Image.h */,
				ABF8CF4B179A555600ADF839 /* Logger.cpp */,
				ABF8CF4C179A555600ADF839 /* Logger.h */,
				ABF8CF4D179A555600ADF839 /* Sound.cpp */,
				ABF8CF4E179A555600ADF839 /* Sound.h */,
				ABF8CF4F179A555600ADF839 /* Sprite.h */,
				ABF8CF50179A555600ADF839 /* StateManager.cpp */,
				ABF8CF51179A555600ADF839 /* StateManager.h */,
				ABF8CF52179A555600ADF839 /* Text.cpp */,
				ABF8CF53179A555600ADF839 /* Text.h */,
				ABF8CF54179A555600ADF839 /* Timer.cpp */,
				ABF8CF55179A555600ADF839 /* Timer.h */,
				ABF8CF56179A555600ADF839 /* Window.cpp */,
				ABF8CF57179A555600ADF839 /* Window.h */,
			);
			path = src;
			sourceTree = "<group>";
		};
/* End PBXGroup section */

/* Begin PBXHeadersBuildPhase section */
		ABF8CF05179A542C00ADF839 /* Headers */ = {
			isa = PBXHeadersBuildPhase;
			buildActionMask = 2147483647;
			files = (
				ABF8CF59179A555600ADF839 /* Blittable.h in Headers */,
				ABF8CF5B179A555600ADF839 /* Font.h in Headers */,
				ABF8CF5D179A555600ADF839 /* Game.h in Headers */,
				ABF8CF5F179A555600ADF839 /* GameState.h in Headers */,
				ABF8CF62179A555600ADF839 /* Image.h in Headers */,
				ABF8CF64179A555600ADF839 /* Logger.h in Headers */,
				ABF8CF66179A555600ADF839 /* Sound.h in Headers */,
				ABF8CF67179A555600ADF839 /* Sprite.h in Headers */,
				ABF8CF69179A555600ADF839 /* StateManager.h in Headers */,
				ABF8CF6B179A555600ADF839 /* Text.h in Headers */,
				ABF8CF6D179A555600ADF839 /* Timer.h in Headers */,
				ABF8CF6F179A555600ADF839 /* Window.h in Headers */,
			);
			runOnlyForDeploymentPostprocessing = 0;
		};
/* End PBXHeadersBuildPhase section */

/* Begin PBXNativeTarget section */
		ABF8CF06179A542C00ADF839 /* Hume */ = {
			isa = PBXNativeTarget;
			buildConfigurationList = ABF8CF0B179A542C00ADF839 /* Build configuration list for PBXNativeTarget "Hume" */;
			buildPhases = (
				ABF8CF03179A542C00ADF839 /* Sources */,
				ABF8CF04179A542C00ADF839 /* Frameworks */,
				ABF8CF05179A542C00ADF839 /* Headers */,
			);
			buildRules = (
			);
			dependencies = (
			);
			name = Hume;
			productName = Hume;
			productReference = ABF8CF07179A542C00ADF839 /* libHume.a */;
			productType = "com.apple.product-type.library.static";
		};
/* End PBXNativeTarget section */

/* Begin PBXProject section */
		ABF8CEFF179A542C00ADF839 /* Project object */ = {
			isa = PBXProject;
			attributes = {
				LastUpgradeCheck = 0460;
				ORGANIZATIONNAME = "Marshall Clyburn";
			};
			buildConfigurationList = ABF8CF02179A542C00ADF839 /* Build configuration list for PBXProject "Hume" */;
			compatibilityVersion = "Xcode 3.2";
			developmentRegion = English;
			hasScannedForEncodings = 0;
			knownRegions = (
				en,
			);
			mainGroup = ABF8CEFE179A542C00ADF839;
			productRefGroup = ABF8CF08179A542C00ADF839 /* Products */;
			projectDirPath = "";
			projectRoot = "";
			targets = (
				ABF8CF06179A542C00ADF839 /* Hume */,
			);
		};
/* End PBXProject section */

/* Begin PBXSourcesBuildPhase section */
		ABF8CF03179A542C00ADF839 /* Sources */ = {
			isa = PBXSourcesBuildPhase;
			buildActionMask = 2147483647;
			files = (
				ABF8CF58179A555600ADF839 /* Blittable.cpp in Sources */,
				ABF8CF5A179A555600ADF839 /* Font.cpp in Sources */,
				ABF8CF5C179A555600ADF839 /* Game.cpp in Sources */,
				ABF8CF5E179A555600ADF839 /* GameState.cpp in Sources */,
				ABF8CF61179A555600ADF839 /* Image.cpp in Sources */,
				ABF8CF63179A555600ADF839 /* Logger.cpp in Sources */,
				ABF8CF65179A555600ADF839 /* Sound.cpp in Sources */,
				ABF8CF68179A555600ADF839 /* StateManager.cpp in Sources */,
				ABF8CF6A179A555600ADF839 /* Text.cpp in Sources */,
				ABF8CF6C179A555600ADF839 /* Timer.cpp in Sources */,
				ABF8CF6E179A555600ADF839 /* Window.cpp in Sources */,
			);
			runOnlyForDeploymentPostprocessing = 0;
		};
/* End PBXSourcesBuildPhase section */

/* Begin XCBuildConfiguration section */
		ABF8CF09179A542C00ADF839 /* Debug */ = {
			isa = XCBuildConfiguration;
			buildSettings = {
				ALWAYS_SEARCH_USER_PATHS = NO;
				ARCHS = "$(ARCHS_STANDARD_64_BIT)";
				CLANG_CXX_LANGUAGE_STANDARD = "gnu++0x";
				CLANG_CXX_LIBRARY = "libc++";
				CLANG_ENABLE_OBJC_ARC = YES;
				CLANG_WARN_CONSTANT_CONVERSION = YES;
				CLANG_WARN_EMPTY_BODY = YES;
				CLANG_WARN_ENUM_CONVERSION = YES;
				CLANG_WARN_INT_CONVERSION = YES;
				CLANG_WARN__DUPLICATE_METHOD_MATCH = YES;
				COPY_PHASE_STRIP = NO;
				GCC_C_LANGUAGE_STANDARD = gnu99;
				GCC_DYNAMIC_NO_PIC = NO;
				GCC_ENABLE_OBJC_EXCEPTIONS = YES;
				GCC_OPTIMIZATION_LEVEL = 0;
				GCC_PREPROCESSOR_DEFINITIONS = (
					"DEBUG=1",
					"$(inherited)",
				);
				GCC_SYMBOLS_PRIVATE_EXTERN = NO;
				GCC_WARN_64_TO_32_BIT_CONVERSION = YES;
				GCC_WARN_ABOUT_RETURN_TYPE = YES;
				GCC_WARN_UNINITIALIZED_AUTOS = YES;
				GCC_WARN_UNUSED_VARIABLE = YES;
				MACOSX_DEPLOYMENT_TARGET = 10.8;
				ONLY_ACTIVE_ARCH = YES;
				SDKROOT = macosx;
			};
			name = Debug;
		};
		ABF8CF0A179A542C00ADF839 /* Release */ = {
			isa = XCBuildConfiguration;
			buildSettings = {
				ALWAYS_SEARCH_USER_PATHS = NO;
				ARCHS = "$(ARCHS_STANDARD_64_BIT)";
				CLANG_CXX_LANGUAGE_STANDARD = "gnu++0x";
				CLANG_CXX_LIBRARY = "libc++";
				CLANG_ENABLE_OBJC_ARC = YES;
				CLANG_WARN_CONSTANT_CONVERSION = YES;
				CLANG_WARN_EMPTY_BODY = YES;
				CLANG_WARN_ENUM_CONVERSION = YES;
				CLANG_WARN_INT_CONVERSION = YES;
				CLANG_WARN__DUPLICATE_METHOD_MATCH = YES;
				COPY_PHASE_STRIP = YES;
				DEBUG_INFORMATION_FORMAT = "dwarf-with-dsym";
				GCC_C_LANGUAGE_STANDARD = gnu99;
				GCC_ENABLE_OBJC_EXCEPTIONS = YES;
				GCC_WARN_64_TO_32_BIT_CONVERSION = YES;
				GCC_WARN_ABOUT_RETURN_TYPE = YES;
				GCC_WARN_UNINITIALIZED_AUTOS = YES;
				GCC_WARN_UNUSED_VARIABLE = YES;
				MACOSX_DEPLOYMENT_TARGET = 10.8;
				SDKROOT = macosx;
			};
			name = Release;
		};
		ABF8CF0C179A542C00ADF839 /* Debug */ = {
			isa = XCBuildConfiguration;
			buildSettings = {
				EXECUTABLE_PREFIX = lib;
				FRAMEWORK_SEARCH_PATHS = /Library/Frameworks;
				PRODUCT_NAME = "$(TARGET_NAME)";
				SYMROOT = "";
			};
			name = Debug;
		};
		ABF8CF0D179A542C00ADF839 /* Release */ = {
			isa = XCBuildConfiguration;
			buildSettings = {
				EXECUTABLE_PREFIX = lib;
				FRAMEWORK_SEARCH_PATHS = /Library/Frameworks;
				PRODUCT_NAME = "$(TARGET_NAME)";
				SYMROOT = "";
			};
			name = Release;
		};
/* End XCBuildConfiguration section */

/* Begin XCConfigurationList section */
		ABF8CF02179A542C00ADF839 /* Build configuration list for PBXProject "Hume" */ = {
			isa = XCConfigurationList;
			buildConfigurations = (
				ABF8CF09179A542C00ADF839 /* Debug */,
				ABF8CF0A179A542C00ADF839 /* Release */,
			);
			defaultConfigurationIsVisible = 0;
			defaultConfigurationName = Release;
		};
		ABF8CF0B179A542C00ADF839 /* Build configuration list for PBXNativeTarget "Hume" */ = {
			isa = XCConfigurationList;
			buildConfigurations = (
				ABF8CF0C179A542C00ADF839 /* Debug */,
				ABF8CF0D179A542C00ADF839 /* Release */,
			);
			defaultConfigurationIsVisible = 0;
			defaultConfigurationName = Release;
		};
/* End XCConfigurationList section */
	};
	rootObject = ABF8CEFF179A542C00ADF839 /* Project object */;
}
